
Microsoft Visual Studio Solution File, Format Version 12.00
# Visual Studio Version 17
VisualStudioVersion = 17.12.35527.113 d17.12
MinimumVisualStudioVersion = 10.0.40219.1
Project("{FAE04EC0-301F-11D3-BF4B-00C04F79EFBC}") = "objekty i klasy", "objekty i klasy.csproj", "{27541D13-7C76-4F51-A76F-34C57688106C}"
EndProject
Global
	GlobalSection(SolutionConfigurationPlatforms) = preSolution
		Debug|Any CPU = Debug|Any CPU
		Release|Any CPU = Release|Any CPU
	EndGlobalSection
	GlobalSection(ProjectConfigurationPlatforms) = postSolution
		{27541D13-7C76-4F51-A76F-34C57688106C}.Debug|Any CPU.ActiveCfg = Debug|Any CPU
		{27541D13-7C76-4F51-A76F-34C57688106C}.Debug|Any CPU.Build.0 = Debug|Any CPU
		{27541D13-7C76-4F51-A76F-34C57688106C}.Release|Any CPU.ActiveCfg = Release|Any CPU
		{27541D13-7C76-4F51-A76F-34C57688106C}.Release|Any CPU.Build.0 = Release|Any CPU
	EndGlobalSection
	GlobalSection(SolutionProperties) = preSolution
		HideSolutionNode = FALSE
	EndGlobalSection
EndGlobal
